
Microsoft Visual Studio Solution File, Format Version 12.00
# Visual Studio Version 17
VisualStudioVersion = 17.14.36511.14 d17.14
MinimumVisualStudioVersion = 10.0.40219.1
Project("{FAE04EC0-301F-11D3-BF4B-00C04F79EFBC}") = "projeto", "projeto\projeto.csproj", "{D87B8127-C29F-4354-BD5E-B59E8EB61685}"
EndProject
Global
	GlobalSection(SolutionConfigurationPlatforms) = preSolution
		Debug|Any CPU = Debug|Any CPU
		Release|Any CPU = Release|Any CPU
	EndGlobalSection
	GlobalSection(ProjectConfigurationPlatforms) = postSolution
		{D87B8127-C29F-4354-BD5E-B59E8EB61685}.Debug|Any CPU.ActiveCfg = Debug|Any CPU
		{D87B8127-C29F-4354-BD5E-B59E8EB61685}.Debug|Any CPU.Build.0 = Debug|Any CPU
		{D87B8127-C29F-4354-BD5E-B59E8EB61685}.Release|Any CPU.ActiveCfg = Release|Any CPU
		{D87B8127-C29F-4354-BD5E-B59E8EB61685}.Release|Any CPU.Build.0 = Release|Any CPU
	EndGlobalSection
	GlobalSection(SolutionProperties) = preSolution
		HideSolutionNode = FALSE
	EndGlobalSection
	GlobalSection(ExtensibilityGlobals) = postSolution
		SolutionGuid = {94DD0FCD-163A-4A3F-AE3F-71BD16EC7F91}
	EndGlobalSection
EndGlobal
